
Microsoft Visual Studio Solution File, Format Version 12.00
# Visual Studio 15
VisualStudioVersion = 15.0.27703.2026
MinimumVisualStudioVersion = 10.0.40219.1
Project("{FAE04EC0-301F-11D3-BF4B-00C04F79EFBC}") = "BanHangOnline", "BanHangOnline\BanHangOnline.csproj", "{2DD70F6F-59B3-4C0D-BE62-4DEDA88C74F4}"
EndProject
Global
	GlobalSection(SolutionConfigurationPlatforms) = preSolution
		Debug|Any CPU = Debug|Any CPU
		Release|Any CPU = Release|Any CPU
	EndGlobalSection
	GlobalSection(ProjectConfigurationPlatforms) = postSolution
		{2DD70F6F-59B3-4C0D-BE62-4DEDA88C74F4}.Debug|Any CPU.ActiveCfg = Debug|Any CPU
		{2DD70F6F-59B3-4C0D-BE62-4DEDA88C74F4}.Debug|Any CPU.Build.0 = Debug|Any CPU
		{2DD70F6F-59B3-4C0D-BE62-4DEDA88C74F4}.Release|Any CPU.ActiveCfg = Release|Any CPU
		{2DD70F6F-59B3-4C0D-BE62-4DEDA88C74F4}.Release|Any CPU.Build.0 = Release|Any CPU
	EndGlobalSection
	GlobalSection(SolutionProperties) = preSolution
		HideSolutionNode = FALSE
	EndGlobalSection
	GlobalSection(ExtensibilityGlobals) = postSolution
		SolutionGuid = {063EDDAE-14A9-4E89-8767-2A65FDCF6167}
	EndGlobalSection
EndGlobal
